
Microsoft Visual Studio Solution File, Format Version 12.00
# Visual Studio Version 17
VisualStudioVersion = 17.7.34031.279
MinimumVisualStudioVersion = 10.0.40219.1
Project("{FAE04EC0-301F-11D3-BF4B-00C04F79EFBC}") = "backend-milagrofinanciero", "backend-milagrofinanciero.csproj", "{2CABF503-AFAC-485D-834B-64CB418DB867}"
EndProject
Global
	GlobalSection(SolutionConfigurationPlatforms) = preSolution
		Debug|Any CPU = Debug|Any CPU
		Release|Any CPU = Release|Any CPU
	EndGlobalSection
	GlobalSection(ProjectConfigurationPlatforms) = postSolution
		{2CABF503-AFAC-485D-834B-64CB418DB867}.Debug|Any CPU.ActiveCfg = Debug|Any CPU
		{2CABF503-AFAC-485D-834B-64CB418DB867}.Debug|Any CPU.Build.0 = Debug|Any CPU
		{2CABF503-AFAC-485D-834B-64CB418DB867}.Release|Any CPU.ActiveCfg = Release|Any CPU
		{2CABF503-AFAC-485D-834B-64CB418DB867}.Release|Any CPU.Build.0 = Release|Any CPU
	EndGlobalSection
	GlobalSection(SolutionProperties) = preSolution
		HideSolutionNode = FALSE
	EndGlobalSection
	GlobalSection(ExtensibilityGlobals) = postSolution
		SolutionGuid = {E3C9DDB5-18BF-4705-912F-4A3D4FA73D45}
	EndGlobalSection
EndGlobal
